
Microsoft Visual Studio Solution File, Format Version 12.00
# Visual Studio Version 17
VisualStudioVersion = 17.1.32414.318
MinimumVisualStudioVersion = 10.0.40219.1
Project("{FAE04EC0-301F-11D3-BF4B-00C04F79EFBC}") = "Tic Tac Toe", "Tic Tac Toe.csproj", "{27DF88EE-676A-41EF-A4DC-CE5AD03157E4}"
EndProject
Global
	GlobalSection(SolutionConfigurationPlatforms) = preSolution
		Debug|Any CPU = Debug|Any CPU
		Release|Any CPU = Release|Any CPU
	EndGlobalSection
	GlobalSection(ProjectConfigurationPlatforms) = postSolution
		{27DF88EE-676A-41EF-A4DC-CE5AD03157E4}.Debug|Any CPU.ActiveCfg = Debug|Any CPU
		{27DF88EE-676A-41EF-A4DC-CE5AD03157E4}.Debug|Any CPU.Build.0 = Debug|Any CPU
		{27DF88EE-676A-41EF-A4DC-CE5AD03157E4}.Release|Any CPU.ActiveCfg = Release|Any CPU
		{27DF88EE-676A-41EF-A4DC-CE5AD03157E4}.Release|Any CPU.Build.0 = Release|Any CPU
	EndGlobalSection
	GlobalSection(SolutionProperties) = preSolution
		HideSolutionNode = FALSE
	EndGlobalSection
	GlobalSection(ExtensibilityGlobals) = postSolution
		SolutionGuid = {903031D0-7D6F-4A1F-A078-0BF378DC6803}
	EndGlobalSection
EndGlobal
